
Microsoft Visual Studio Solution File, Format Version 12.00
# Visual Studio Version 16
VisualStudioVersion = 16.0.32126.315
MinimumVisualStudioVersion = 10.0.40219.1
Project("{FAE04EC0-301F-11D3-BF4B-00C04F79EFBC}") = "Tree", "Tree.csproj", "{F06E11B4-486E-4A5B-910B-B8FDF8D089AF}"
EndProject
Global
	GlobalSection(SolutionConfigurationPlatforms) = preSolution
		Debug|Any CPU = Debug|Any CPU
		Release|Any CPU = Release|Any CPU
	EndGlobalSection
	GlobalSection(ProjectConfigurationPlatforms) = postSolution
		{F06E11B4-486E-4A5B-910B-B8FDF8D089AF}.Debug|Any CPU.ActiveCfg = Debug|Any CPU
		{F06E11B4-486E-4A5B-910B-B8FDF8D089AF}.Debug|Any CPU.Build.0 = Debug|Any CPU
		{F06E11B4-486E-4A5B-910B-B8FDF8D089AF}.Release|Any CPU.ActiveCfg = Release|Any CPU
		{F06E11B4-486E-4A5B-910B-B8FDF8D089AF}.Release|Any CPU.Build.0 = Release|Any CPU
	EndGlobalSection
	GlobalSection(SolutionProperties) = preSolution
		HideSolutionNode = FALSE
	EndGlobalSection
	GlobalSection(ExtensibilityGlobals) = postSolution
		SolutionGuid = {0D5FE756-75C4-40AF-8CCB-F4090137A3D7}
	EndGlobalSection
EndGlobal
